---
metadata:
  version: "1.0"
artifacts:
  - download_url: "https://huggingface.co/sentence-transformers/all-mpnet-base-v2/resolve/main/model.safetensors"
    checksum: "sha256:78c0197b6159d92658e319bc1d72e4c73a9a03dd03815e70e555c5ef05615658"
    filename: "all-mpnet-base-v2-model.safetensors"
  # - download_url: "https://huggingface.co/ibm-granite/granite-embedding-30m-english/resolve/main/model.safetensors"
  #   checksum: "sha256:3b1fcdc9c5eb954f603bc386474e321505ff29c6c67f21e3aa8db3d2d1a533cf"
  #   filename: "granite-embedding-30m-english-model.safetensors"
