---
lockfileVersion: 1
lockfileVendor: redhat
arches:
- arch: aarch64
  packages:
  - url: https://cdn.redhat.com/content/eus/rhel9/9.6/aarch64/appstream/os/Packages/c/cargo-1.84.1-1.el9.aarch64.rpm
    repoid: rhel-9-for-aarch64-appstream-eus-rpms
    size: 7744425
    checksum: sha256:5db626d49748f31fb02916c24fa1a7e5759ce7b905ac3e781d42079fba8fa1c4
    name: cargo
    evr: 1.84.1-1.el9
    sourcerpm: rust-1.84.1-1.el9.src.rpm
  - url: https://cdn.redhat.com/content/eus/rhel9/9.6/aarch64/appstream/os/Packages/c/cmake-3.26.5-2.el9.aarch64.rpm
    repoid: rhel-9-for-aarch64-appstream-eus-rpms
    size: 7432689
    checksum: sha256:6ac0e5e9a4fd761f8688678ac83580c7eebeacf6c241bd8089d72c4a477b22c3
    name: cmake
    evr: 3.26.5-2.el9
    sourcerpm: cmake-3.26.5-2.el9.src.rpm
  - url: https://cdn.redhat.com/content/eus/rhel9/9.6/aarch64/appstream/os/Packages/c/cmake-data-3.26.5-2.el9.noarch.rpm
    repoid: rhel-9-for-aarch64-appstream-eus-rpms
    size: 2488227
    checksum: sha256:84da65a7b8921f031d15903d91c5967022620f9e96b7493c8ab8024014755ee7
    name: cmake-data
    evr: 3.26.5-2.el9
    sourcerpm: cmake-3.26.5-2.el9.src.rpm
  - url: https://cdn.redhat.com/content/eus/rhel9/9.6/aarch64/appstream/os/Packages/c/cmake-rpm-macros-3.26.5-2.el9.noarch.rpm
    repoid: rhel-9-for-aarch64-appstream-eus-rpms
    size: 12250
    checksum: sha256:1c74969c8a4f21851f5b89f25ac55c689b75bed1318d0435fc3a14a49c39d0e3
    name: cmake-rpm-macros
    evr: 3.26.5-2.el9
    sourcerpm: cmake-3.26.5-2.el9.src.rpm
  - url: https://cdn.redhat.com/content/eus/rhel9/9.6/aarch64/appstream/os/Packages/l/libuv-1.42.0-2.el9_4.aarch64.rpm
    repoid: rhel-9-for-aarch64-appstream-eus-rpms
    size: 150129
    checksum: sha256:4dc8a40da74e0f9823356460ee11f183c70f382953700fffef0c448198a677cc
    name: libuv
    evr: 1:1.42.0-2.el9_4
    sourcerpm: libuv-1.42.0-2.el9_4.src.rpm
  - url: https://cdn.redhat.com/content/eus/rhel9/9.6/aarch64/appstream/os/Packages/p/patch-2.7.6-16.el9.aarch64.rpm
    repoid: rhel-9-for-aarch64-appstream-eus-rpms
    size: 129037
    checksum: sha256:335c720da3caa41822737dd431d91a4adc79c85dedbe4483ecaf58bc83767610
    name: patch
    evr: 2.7.6-16.el9
    sourcerpm: patch-2.7.6-16.el9.src.rpm
  - url: https://cdn.redhat.com/content/eus/rhel9/9.6/aarch64/appstream/os/Packages/r/rust-1.84.1-1.el9.aarch64.rpm
    repoid: rhel-9-for-aarch64-appstream-eus-rpms
    size: 26093725
    checksum: sha256:5be9185a7d684022bc0686049c22ef901c4df6dce2822bdec16a1a47c46b6861
    name: rust
    evr: 1.84.1-1.el9
    sourcerpm: rust-1.84.1-1.el9.src.rpm
  - url: https://cdn.redhat.com/content/eus/rhel9/9.6/aarch64/appstream/os/Packages/r/rust-std-static-1.84.1-1.el9.aarch64.rpm
    repoid: rhel-9-for-aarch64-appstream-eus-rpms
    size: 39259196
    checksum: sha256:5889bced81144c4ea201085e5bfd040300c56048e5d7987e9eb69d4d252f87bf
    name: rust-std-static
    evr: 1.84.1-1.el9
    sourcerpm: rust-1.84.1-1.el9.src.rpm
  - url: https://cdn.redhat.com/content/eus/rhel9/9.6/aarch64/baseos/os/Packages/e/ed-1.14.2-12.el9.aarch64.rpm
    repoid: rhel-9-for-aarch64-baseos-eus-rpms
    size: 78931
    checksum: sha256:3bce4ce6243886c448e58f589b79e3ac829fcde53d1ff13d5906a8cdc22be091
    name: ed
    evr: 1.14.2-12.el9
    sourcerpm: ed-1.14.2-12.el9.src.rpm
  - url: https://cdn.redhat.com/content/eus/rhel9/9.6/aarch64/baseos/os/Packages/i/info-6.7-15.el9.aarch64.rpm
    repoid: rhel-9-for-aarch64-baseos-eus-rpms
    size: 230301
    checksum: sha256:c5ae65876c73c6f4e240081431745f5ba0a91d10a4bfb8a5d162ca3d6f039202
    name: info
    evr: 6.7-15.el9
    sourcerpm: texinfo-6.7-15.el9.src.rpm
  source: []
  module_metadata: []
- arch: x86_64
  packages:
  - url: https://cdn.redhat.com/content/eus/rhel9/9.6/x86_64/appstream/os/Packages/c/cargo-1.84.1-1.el9.x86_64.rpm
    repoid: rhel-9-for-x86_64-appstream-eus-rpms
    size: 8292467
    checksum: sha256:7dd011cd79a635654ade4e3186c5f7545d692de81157d1ce1d42656eaa6993b2
    name: cargo
    evr: 1.84.1-1.el9
    sourcerpm: rust-1.84.1-1.el9.src.rpm
  - url: https://cdn.redhat.com/content/eus/rhel9/9.6/x86_64/appstream/os/Packages/c/cmake-3.26.5-2.el9.x86_64.rpm
    repoid: rhel-9-for-x86_64-appstream-eus-rpms
    size: 9159462
    checksum: sha256:f553370cb02b87e7388697468256556e765b102c2fcb56be6bc250cb2351e8ad
    name: cmake
    evr: 3.26.5-2.el9
    sourcerpm: cmake-3.26.5-2.el9.src.rpm
  - url: https://cdn.redhat.com/content/eus/rhel9/9.6/x86_64/appstream/os/Packages/c/cmake-data-3.26.5-2.el9.noarch.rpm
    repoid: rhel-9-for-x86_64-appstream-eus-rpms
    size: 2488227
    checksum: sha256:84da65a7b8921f031d15903d91c5967022620f9e96b7493c8ab8024014755ee7
    name: cmake-data
    evr: 3.26.5-2.el9
    sourcerpm: cmake-3.26.5-2.el9.src.rpm
  - url: https://cdn.redhat.com/content/eus/rhel9/9.6/x86_64/appstream/os/Packages/c/cmake-rpm-macros-3.26.5-2.el9.noarch.rpm
    repoid: rhel-9-for-x86_64-appstream-eus-rpms
    size: 12250
    checksum: sha256:1c74969c8a4f21851f5b89f25ac55c689b75bed1318d0435fc3a14a49c39d0e3
    name: cmake-rpm-macros
    evr: 3.26.5-2.el9
    sourcerpm: cmake-3.26.5-2.el9.src.rpm
  - url: https://cdn.redhat.com/content/eus/rhel9/9.6/x86_64/appstream/os/Packages/l/libuv-1.42.0-2.el9_4.x86_64.rpm
    repoid: rhel-9-for-x86_64-appstream-eus-rpms
    size: 154427
    checksum: sha256:e1fab39251239ccaad2fb4dbe6c55ec1ae60f76d4ae81582b06e6a58e30879b2
    name: libuv
    evr: 1:1.42.0-2.el9_4
    sourcerpm: libuv-1.42.0-2.el9_4.src.rpm
  - url: https://cdn.redhat.com/content/eus/rhel9/9.6/x86_64/appstream/os/Packages/p/patch-2.7.6-16.el9.x86_64.rpm
    repoid: rhel-9-for-x86_64-appstream-eus-rpms
    size: 133240
    checksum: sha256:d2e0307a2d1d4eff0c2db406841030461b35864926916f2a92244427d89316be
    name: patch
    evr: 2.7.6-16.el9
    sourcerpm: patch-2.7.6-16.el9.src.rpm
  - url: https://cdn.redhat.com/content/eus/rhel9/9.6/x86_64/appstream/os/Packages/r/rust-1.84.1-1.el9.x86_64.rpm
    repoid: rhel-9-for-x86_64-appstream-eus-rpms
    size: 28050444
    checksum: sha256:9ba3c53fd811af2f294e31360d75e33e4cb89893130c7b3fe0c6191e20a09f3e
    name: rust
    evr: 1.84.1-1.el9
    sourcerpm: rust-1.84.1-1.el9.src.rpm
  - url: https://cdn.redhat.com/content/eus/rhel9/9.6/x86_64/appstream/os/Packages/r/rust-std-static-1.84.1-1.el9.x86_64.rpm
    repoid: rhel-9-for-x86_64-appstream-eus-rpms
    size: 41211472
    checksum: sha256:73bb90884432e2b43758f1043f107a570b5d54b38f17d5d0af51bac103ceb4f5
    name: rust-std-static
    evr: 1.84.1-1.el9
    sourcerpm: rust-1.84.1-1.el9.src.rpm
  - url: https://cdn.redhat.com/content/eus/rhel9/9.6/x86_64/baseos/os/Packages/e/ed-1.14.2-12.el9.x86_64.rpm
    repoid: rhel-9-for-x86_64-baseos-eus-rpms
    size: 79993
    checksum: sha256:5fb3c625fd1ace94f133522bdaf4768abd78f029e20886b8e4aed2d6d1aac664
    name: ed
    evr: 1.14.2-12.el9
    sourcerpm: ed-1.14.2-12.el9.src.rpm
  - url: https://cdn.redhat.com/content/eus/rhel9/9.6/x86_64/baseos/os/Packages/i/info-6.7-15.el9.x86_64.rpm
    repoid: rhel-9-for-x86_64-baseos-eus-rpms
    size: 233806
    checksum: sha256:3643f98b45cc973073096608aaa45976d722fe284590ff7c1d5f93ad77ba0f8b
    name: info
    evr: 6.7-15.el9
    sourcerpm: texinfo-6.7-15.el9.src.rpm
  source: []
  module_metadata: []
